{
  "name": "springroll-kidaptive-plugin",
  "version": "0.2.20",
  "lockfileVersion": 1,
  "requires": true,
  "dependencies": {
    "bower": {
      "version": "1.8.4",
      "resolved": "https://registry.npmjs.org/bower/-/bower-1.8.4.tgz",
      "integrity": "sha1-54dqB23rgTf30GUl3F6MZtuC8oo=",
      "dev": true
    },
    "commander": {
      "version": "2.12.2",
      "resolved": "https://registry.npmjs.org/commander/-/commander-2.12.2.tgz",
      "integrity": "sha1-D1lGxCftnsDZGka7ne9T5UZQ5VU=",
      "dev": true
    },
    "source-map": {
      "version": "0.6.1",
      "resolved": "https://registry.npmjs.org/source-map/-/source-map-0.6.1.tgz",
      "integrity": "sha1-dHIq8y6WFOnCh6jQu95IteLxomM=",
      "dev": true
    },
    "uglify-js": {
      "version": "3.3.5",
      "resolved": "https://registry.npmjs.org/uglify-js/-/uglify-js-3.3.5.tgz",
      "integrity": "sha1-TEFD3+COiCV0ZnXMSaaHSpM7VD4=",
      "dev": true,
      "requires": {
        "commander": "2.12.2",
        "source-map": "0.6.1"
      }
    }
  }
}
